// !$*UTF8*$!
{
	archiveVersion = 1;
	classes = {
	};
	objectVersion = 46;
	objects = {

/* Begin PBXBuildFile section */
		2DCA52A117B8D2180007C612 /* UIKit.framework in Frameworks */ = {isa = PBXBuildFile; fileRef = 2DCA52A017B8D2180007C612 /* UIKit.framework */; };
		2DCA52A317B8D2180007C612 /* Foundation.framework in Frameworks */ = {isa = PBXBuildFile; fileRef = 2DCA52A217B8D2180007C612 /* Foundation.framework */; };
		2DCA52A517B8D2180007C612 /* CoreGraphics.framework in Frameworks */ = {isa = PBXBuildFile; fileRef = 2DCA52A417B8D2180007C612 /* CoreGraphics.framework */; };
		2DCA52AB17B8D2180007C612 /* InfoPlist.strings in Resources */ = {isa = PBXBuildFile; fileRef = 2DCA52A917B8D2180007C612 /* InfoPlist.strings */; };
		2DCA52AD17B8D2180007C612 /* main.m in Sources */ = {isa = PBXBuildFile; fileRef = 2DCA52AC17B8D2180007C612 /* main.m */; };
		2DCA52B117B8D2180007C612 /* WBAppDelegate.m in Sources */ = {isa = PBXBuildFile; fileRef = 2DCA52B017B8D2180007C612 /* WBAppDelegate.m */; };
		2DCA52B317B8D2180007C612 /* Default.png in Resources */ = {isa = PBXBuildFile; fileRef = 2DCA52B217B8D2180007C612 /* Default.png */; };
		2DCA52B517B8D2180007C612 /* Default@2x.png in Resources */ = {isa = PBXBuildFile; fileRef = 2DCA52B417B8D2180007C612 /* Default@2x.png */; };
		2DCA52B717B8D2180007C612 /* Default-568h@2x.png in Resources */ = {isa = PBXBuildFile; fileRef = 2DCA52B617B8D2180007C612 /* Default-568h@2x.png */; };
		2DCA52BA17B8D2180007C612 /* WBViewController.m in Sources */ = {isa = PBXBuildFile; fileRef = 2DCA52B917B8D2180007C612 /* WBViewController.m */; };
		2DCA52BD17B8D2180007C612 /* WBViewController.xib in Resources */ = {isa = PBXBuildFile; fileRef = 2DCA52BB17B8D2180007C612 /* WBViewController.xib */; };
/* End PBXBuildFile section */

/* Begin PBXFileReference section */
		2DCA529D17B8D2180007C612 /* PMC.app */ = {isa = PBXFileReference; explicitFileType = wrapper.application; includeInIndex = 0; path = PMC.app; sourceTree = BUILT_PRODUCTS_DIR; };
		2DCA52A017B8D2180007C612 /* UIKit.framework */ = {isa = PBXFileReference; lastKnownFileType = wrapper.framework; name = UIKit.framework; path = System/Library/Frameworks/UIKit.framework; sourceTree = SDKROOT; };
		2DCA52A217B8D2180007C612 /* Foundation.framework */ = {isa = PBXFileReference; lastKnownFileType = wrapper.framework; name = Foundation.framework; path = System/Library/Frameworks/Foundation.framework; sourceTree = SDKROOT; };
		2DCA52A417B8D2180007C612 /* CoreGraphics.framework */ = {isa = PBXFileReference; lastKnownFileType = wrapper.framework; name = CoreGraphics.framework; path = System/Library/Frameworks/CoreGraphics.framework; sourceTree = SDKROOT; };
		2DCA52A817B8D2180007C612 /* PMC-Info.plist */ = {isa = PBXFileReference; lastKnownFileType = text.plist.xml; path = "PMC-Info.plist"; sourceTree = "<group>"; };
		2DCA52AA17B8D2180007C612 /* en */ = {isa = PBXFileReference; lastKnownFileType = text.plist.strings; name = en; path = en.lproj/InfoPlist.strings; sourceTree = "<group>"; };
		2DCA52AC17B8D2180007C612 /* main.m */ = {isa = PBXFileReference; lastKnownFileType = sourcecode.c.objc; path = main.m; sourceTree = "<group>"; };
		2DCA52AE17B8D2180007C612 /* PMC-Prefix.pch */ = {isa = PBXFileReference; lastKnownFileType = sourcecode.c.h; path = "PMC-Prefix.pch"; sourceTree = "<group>"; };
		2DCA52AF17B8D2180007C612 /* WBAppDelegate.h */ = {isa = PBXFileReference; lastKnownFileType = sourcecode.c.h; path = WBAppDelegate.h; sourceTree = "<group>"; };
		2DCA52B017B8D2180007C612 /* WBAppDelegate.m */ = {isa = PBXFileReference; lastKnownFileType = sourcecode.c.objc; path = WBAppDelegate.m; sourceTree = "<group>"; };
		2DCA52B217B8D2180007C612 /* Default.png */ = {isa = PBXFileReference; lastKnownFileType = image.png; path = Default.png; sourceTree = "<group>"; };
		2DCA52B417B8D2180007C612 /* Default@2x.png */ = {isa = PBXFileReference; lastKnownFileType = image.png; path = "Default@2x.png"; sourceTree = "<group>"; };
		2DCA52B617B8D2180007C612 /* Default-568h@2x.png */ = {isa = PBXFileReference; lastKnownFileType = image.png; path = "Default-568h@2x.png"; sourceTree = "<group>"; };
		2DCA52B817B8D2180007C612 /* WBViewController.h */ = {isa = PBXFileReference; lastKnownFileType = sourcecode.c.h; path = WBViewController.h; sourceTree = "<group>"; };
		2DCA52B917B8D2180007C612 /* WBViewController.m */ = {isa = PBXFileReference; lastKnownFileType = sourcecode.c.objc; path = WBViewController.m; sourceTree = "<group>"; };
		2DCA52BC17B8D2180007C612 /* en */ = {isa = PBXFileReference; lastKnownFileType = file.xib; name = en; path = en.lproj/WBViewController.xib; sourceTree = "<group>"; };
/* End PBXFileReference section */

/* Begin PBXFrameworksBuildPhase section */
		2DCA529A17B8D2180007C612 /* Frameworks */ = {
			isa = PBXFrameworksBuildPhase;
			buildActionMask = 2147483647;
			files = (
				2DCA52A117B8D2180007C612 /* UIKit.framework in Frameworks */,
				2DCA52A317B8D2180007C612 /* Foundation.framework in Frameworks */,
				2DCA52A517B8D2180007C612 /* CoreGraphics.framework in Frameworks */,
			);
			runOnlyForDeploymentPostprocessing = 0;
		};
/* End PBXFrameworksBuildPhase section */

/* Begin PBXGroup section */
		2DCA529417B8D2180007C612 = {
			isa = PBXGroup;
			children = (
				2DCA52A617B8D2180007C612 /* PMC */,
				2DCA529F17B8D2180007C612 /* Frameworks */,
				2DCA529E17B8D2180007C612 /* Products */,
			);
			sourceTree = "<group>";
		};
		2DCA529E17B8D2180007C612 /* Products */ = {
			isa = PBXGroup;
			children = (
				2DCA529D17B8D2180007C612 /* PMC.app */,
			);
			name = Products;
			sourceTree = "<group>";
		};
		2DCA529F17B8D2180007C612 /* Frameworks */ = {
			isa = PBXGroup;
			children = (
				2DCA52A017B8D2180007C612 /* UIKit.framework */,
				2DCA52A217B8D2180007C612 /* Foundation.framework */,
				2DCA52A417B8D2180007C612 /* CoreGraphics.framework */,
			);
			name = Frameworks;
			sourceTree = "<group>";
		};
		2DCA52A617B8D2180007C612 /* PMC */ = {
			isa = PBXGroup;
			children = (
				2DCA52AF17B8D2180007C612 /* WBAppDelegate.h */,
				2DCA52B017B8D2180007C612 /* WBAppDelegate.m */,
				2DCA52B817B8D2180007C612 /* WBViewController.h */,
				2DCA52B917B8D2180007C612 /* WBViewController.m */,
				2DCA52BB17B8D2180007C612 /* WBViewController.xib */,
				2DCA52A717B8D2180007C612 /* Supporting Files */,
			);
			path = PMC;
			sourceTree = "<group>";
		};
		2DCA52A717B8D2180007C612 /* Supporting Files */ = {
			isa = PBXGroup;
			children = (
				2DCA52A817B8D2180007C612 /* PMC-Info.plist */,
				2DCA52A917B8D2180007C612 /* InfoPlist.strings */,
				2DCA52AC17B8D2180007C612 /* main.m */,
				2DCA52AE17B8D2180007C612 /* PMC-Prefix.pch */,
				2DCA52B217B8D2180007C612 /* Default.png */,
				2DCA52B417B8D2180007C612 /* Default@2x.png */,
				2DCA52B617B8D2180007C612 /* Default-568h@2x.png */,
			);
			name = "Supporting Files";
			sourceTree = "<group>";
		};
/* End PBXGroup section */

/* Begin PBXNativeTarget section */
		2DCA529C17B8D2180007C612 /* PMC */ = {
			isa = PBXNativeTarget;
			buildConfigurationList = 2DCA52C017B8D2180007C612 /* Build configuration list for PBXNativeTarget "PMC" */;
			buildPhases = (
				2DCA529917B8D2180007C612 /* Sources */,
				2DCA529A17B8D2180007C612 /* Frameworks */,
				2DCA529B17B8D2180007C612 /* Resources */,
			);
			buildRules = (
			);
			dependencies = (
			);
			name = PMC;
			productName = PMC;
			productReference = 2DCA529D17B8D2180007C612 /* PMC.app */;
			productType = "com.apple.product-type.application";
		};
/* End PBXNativeTarget section */

/* Begin PBXProject section */
		2DCA529517B8D2180007C612 /* Project object */ = {
			isa = PBXProject;
			attributes = {
				CLASSPREFIX = WB;
				LastUpgradeCheck = 0460;
				ORGANIZATIONNAME = wangbo;
			};
			buildConfigurationList = 2DCA529817B8D2180007C612 /* Build configuration list for PBXProject "PMC" */;
			compatibilityVersion = "Xcode 3.2";
			developmentRegion = English;
			hasScannedForEncodings = 0;
			knownRegions = (
				en,
			);
			mainGroup = 2DCA529417B8D2180007C612;
			productRefGroup = 2DCA529E17B8D2180007C612 /* Products */;
			projectDirPath = "";
			projectRoot = "";
			targets = (
				2DCA529C17B8D2180007C612 /* PMC */,
			);
		};
/* End PBXProject section */

/* Begin PBXResourcesBuildPhase section */
		2DCA529B17B8D2180007C612 /* Resources */ = {
			isa = PBXResourcesBuildPhase;
			buildActionMask = 2147483647;
			files = (
				2DCA52AB17B8D2180007C612 /* InfoPlist.strings in Resources */,
				2DCA52B317B8D2180007C612 /* Default.png in Resources */,
				2DCA52B517B8D2180007C612 /* Default@2x.png in Resources */,
				2DCA52B717B8D2180007C612 /* Default-568h@2x.png in Resources */,
				2DCA52BD17B8D2180007C612 /* WBViewController.xib in Resources */,
			);
			runOnlyForDeploymentPostprocessing = 0;
		};
/* End PBXResourcesBuildPhase section */

/* Begin PBXSourcesBuildPhase section */
		2DCA529917B8D2180007C612 /* Sources */ = {
			isa = PBXSourcesBuildPhase;
			buildActionMask = 2147483647;
			files = (
				2DCA52AD17B8D2180007C612 /* main.m in Sources */,
				2DCA52B117B8D2180007C612 /* WBAppDelegate.m in Sources */,
				2DCA52BA17B8D2180007C612 /* WBViewController.m in Sources */,
			);
			runOnlyForDeploymentPostprocessing = 0;
		};
/* End PBXSourcesBuildPhase section */

/* Begin PBXVariantGroup section */
		2DCA52A917B8D2180007C612 /* InfoPlist.strings */ = {
			isa = PBXVariantGroup;
			children = (
				2DCA52AA17B8D2180007C612 /* en */,
			);
			name = InfoPlist.strings;
			sourceTree = "<group>";
		};
		2DCA52BB17B8D2180007C612 /* WBViewController.xib */ = {
			isa = PBXVariantGroup;
			children = (
				2DCA52BC17B8D2180007C612 /* en */,
			);
			name = WBViewController.xib;
			sourceTree = "<group>";
		};
/* End PBXVariantGroup section */

/* Begin XCBuildConfiguration section */
		2DCA52BE17B8D2180007C612 /* Debug */ = {
			isa = XCBuildConfiguration;
			buildSettings = {
				ALWAYS_SEARCH_USER_PATHS = NO;
				CLANG_CXX_LANGUAGE_STANDARD = "gnu++0x";
				CLANG_CXX_LIBRARY = "libc++";
				CLANG_WARN_CONSTANT_CONVERSION = YES;
				CLANG_WARN_EMPTY_BODY = YES;
				CLANG_WARN_ENUM_CONVERSION = YES;
				CLANG_WARN_INT_CONVERSION = YES;
				CLANG_WARN__DUPLICATE_METHOD_MATCH = YES;
				"CODE_SIGN_IDENTITY[sdk=iphoneos*]" = "iPhone Developer";
				COPY_PHASE_STRIP = NO;
				GCC_C_LANGUAGE_STANDARD = gnu99;
				GCC_DYNAMIC_NO_PIC = NO;
				GCC_OPTIMIZATION_LEVEL = 0;
				GCC_PREPROCESSOR_DEFINITIONS = (
					"DEBUG=1",
					"$(inherited)",
				);
				GCC_SYMBOLS_PRIVATE_EXTERN = NO;
				GCC_WARN_ABOUT_RETURN_TYPE = YES;
				GCC_WARN_UNINITIALIZED_AUTOS = YES;
				GCC_WARN_UNUSED_VARIABLE = YES;
				IPHONEOS_DEPLOYMENT_TARGET = 6.1;
				ONLY_ACTIVE_ARCH = YES;
				SDKROOT = iphoneos;
			};
			name = Debug;
		};
		2DCA52BF17B8D2180007C612 /* Release */ = {
			isa = XCBuildConfiguration;
			buildSettings = {
				ALWAYS_SEARCH_USER_PATHS = NO;
				CLANG_CXX_LANGUAGE_STANDARD = "gnu++0x";
				CLANG_CXX_LIBRARY = "libc++";
				CLANG_WARN_CONSTANT_CONVERSION = YES;
				CLANG_WARN_EMPTY_BODY = YES;
				CLANG_WARN_ENUM_CONVERSION = YES;
				CLANG_WARN_INT_CONVERSION = YES;
				CLANG_WARN__DUPLICATE_METHOD_MATCH = YES;
				"CODE_SIGN_IDENTITY[sdk=iphoneos*]" = "iPhone Developer";
				COPY_PHASE_STRIP = YES;
				GCC_C_LANGUAGE_STANDARD = gnu99;
				GCC_WARN_ABOUT_RETURN_TYPE = YES;
				GCC_WARN_UNINITIALIZED_AUTOS = YES;
				GCC_WARN_UNUSED_VARIABLE = YES;
				IPHONEOS_DEPLOYMENT_TARGET = 6.1;
				OTHER_CFLAGS = "-DNS_BLOCK_ASSERTIONS=1";
				SDKROOT = iphoneos;
				VALIDATE_PRODUCT = YES;
			};
			name = Release;
		};
		2DCA52C117B8D2180007C612 /* Debug */ = {
			isa = XCBuildConfiguration;
			buildSettings = {
				GCC_PRECOMPILE_PREFIX_HEADER = YES;
				GCC_PREFIX_HEADER = "PMC/PMC-Prefix.pch";
				INFOPLIST_FILE = "PMC/PMC-Info.plist";
				PRODUCT_NAME = "$(TARGET_NAME)";
				WRAPPER_EXTENSION = app;
			};
			name = Debug;
		};
		2DCA52C217B8D2180007C612 /* Release */ = {
			isa = XCBuildConfiguration;
			buildSettings = {
				GCC_PRECOMPILE_PREFIX_HEADER = YES;
				GCC_PREFIX_HEADER = "PMC/PMC-Prefix.pch";
				INFOPLIST_FILE = "PMC/PMC-Info.plist";
				PRODUCT_NAME = "$(TARGET_NAME)";
				WRAPPER_EXTENSION = app;
			};
			name = Release;
		};
/* End XCBuildConfiguration section */

/* Begin XCConfigurationList section */
		2DCA529817B8D2180007C612 /* Build configuration list for PBXProject "PMC" */ = {
			isa = XCConfigurationList;
			buildConfigurations = (
				2DCA52BE17B8D2180007C612 /* Debug */,
				2DCA52BF17B8D2180007C612 /* Release */,
			);
			defaultConfigurationIsVisible = 0;
			defaultConfigurationName = Release;
		};
		2DCA52C017B8D2180007C612 /* Build configuration list for PBXNativeTarget "PMC" */ = {
			isa = XCConfigurationList;
			buildConfigurations = (
				2DCA52C117B8D2180007C612 /* Debug */,
				2DCA52C217B8D2180007C612 /* Release */,
			);
			defaultConfigurationIsVisible = 0;
		};
/* End XCConfigurationList section */
	};
	rootObject = 2DCA529517B8D2180007C612 /* Project object */;
}
